
Microsoft Visual Studio Solution File, Format Version 12.00
# Visual Studio Version 16
VisualStudioVersion = 16.0.28714.193
MinimumVisualStudioVersion = 10.0.40219.1
Project("{8BC9CEB8-8B4A-11D0-8D11-00A0C91BC942}") = "4位数的各位数字平方和等于100", "4位数的各位数字平方和等于100\4位数的各位数字平方和等于100.vcxproj", "{9F7A3D03-DEAB-4EC1-850A-686F62F47581}"
EndProject
Global
	GlobalSection(SolutionConfigurationPlatforms) = preSolution
		Debug|x64 = Debug|x64
		Debug|x86 = Debug|x86
		Release|x64 = Release|x64
		Release|x86 = Release|x86
	EndGlobalSection
	GlobalSection(ProjectConfigurationPlatforms) = postSolution
		{9F7A3D03-DEAB-4EC1-850A-686F62F47581}.Debug|x64.ActiveCfg = Debug|x64
		{9F7A3D03-DEAB-4EC1-850A-686F62F47581}.Debug|x64.Build.0 = Debug|x64
		{9F7A3D03-DEAB-4EC1-850A-686F62F47581}.Debug|x86.ActiveCfg = Debug|Win32
		{9F7A3D03-DEAB-4EC1-850A-686F62F47581}.Debug|x86.Build.0 = Debug|Win32
		{9F7A3D03-DEAB-4EC1-850A-686F62F47581}.Release|x64.ActiveCfg = Release|x64
		{9F7A3D03-DEAB-4EC1-850A-686F62F47581}.Release|x64.Build.0 = Release|x64
		{9F7A3D03-DEAB-4EC1-850A-686F62F47581}.Release|x86.ActiveCfg = Release|Win32
		{9F7A3D03-DEAB-4EC1-850A-686F62F47581}.Release|x86.Build.0 = Release|Win32
	EndGlobalSection
	GlobalSection(SolutionProperties) = preSolution
		HideSolutionNode = FALSE
	EndGlobalSection
	GlobalSection(ExtensibilityGlobals) = postSolution
		SolutionGuid = {46BEF36C-77FD-4343-8AE0-4050401BB0E2}
	EndGlobalSection
EndGlobal
